# generated by rye
# use `rye lock` or `rye sync` to update this lockfile
#
# last locked with the following flags:
#   pre: false
#   features: []
#   all-features: false
#   with-sources: false
#   generate-hashes: false
#   universal: true

-e file:.
certifi==2024.6.2
    # via requests
charset-normalizer==3.3.2
    # via requests
defusedxml==0.7.1
    # via jira
idna==3.7
    # via requests
importmonkey==2.0.0
    # via restriction
jira==3.8.0
    # via restriction
oauthlib==3.2.2
    # via requests-oauthlib
packaging==24.1
    # via jira
pillow==10.4.0
    # via jira
requests==2.32.3
    # via jira
    # via requests-oauthlib
    # via requests-toolbelt
requests-oauthlib==2.0.0
    # via jira
requests-toolbelt==1.0.0
    # via jira
typing-extensions==4.12.2
    # via jira
urllib3==2.2.2
    # via requests
