# generated by rye
# use `rye lock` or `rye sync` to update this lockfile
#
# last locked with the following flags:
#   pre: false
#   features: []
#   all-features: false
#   with-sources: false
#   generate-hashes: false
#   universal: false

-e file:.
cbbuild-database==0.8.1
    # via check-builds
couchbase==4.3.1
    # via cbbuild-database
jinja2==3.1.4
    # via check-builds
markupsafe==2.1.5
    # via jinja2
pyyaml==6.0.2
    # via check-builds
