version = 1
revision = 3
requires-python = "==3.10.*"

[[package]]
name = "cbbuild-database"
version = "0.8.1"
source = { registry = "https://pypi.org/simple" }
dependencies = [
    { name = "couchbase" },
]
sdist = { url = "https://files.pythonhosted.org/packages/0c/ac/6c5e00a560fb0df0ac2d5c2d18a0f530658224951e5778d4c3ab7d9935d8/cbbuild_database-0.8.1.tar.gz", hash = "sha256:67c21e15653b21c32521f56a7e143b984fbaf54f7d191ef775d578aca3620835", size = 2796, upload-time = "2024-07-18T10:33:46.758Z" }
wheels = [
    { url = "https://files.pythonhosted.org/packages/37/1d/f676ba46fd49236d763fd63a86b9aea53da3ef0779edf6b1cb08d1b017d7/cbbuild_database-0.8.1-py3-none-any.whl", hash = "sha256:fa54bf7886c61c08b494d06531aed2742076633137c0b43aab138fc1b5216719", size = 3244, upload-time = "2024-07-18T10:33:45.56Z" },
]

[[package]]
name = "check-builds"
version = "0.1.0"
source = { editable = "." }
dependencies = [
    { name = "cbbuild-database" },
    { name = "jinja2" },
    { name = "pyyaml" },
]

[package.metadata]
requires-dist = [
    { name = "cbbuild-database", specifier = ">=0.8.1" },
    { name = "jinja2" },
    { name = "pyyaml" },
]

[[package]]
name = "couchbase"
version = "4.4.0"
source = { registry = "https://pypi.org/simple" }
sdist = { url = "https://files.pythonhosted.org/packages/a9/fb/41552fceef4ee5e4f06bd05fe571560d150c78923083722988e441b8bfa3/couchbase-4.4.0.tar.gz", hash = "sha256:5234dfa0a500ec1dd9b89318b8ca6303f587cc2d2b4772341f937f1473bbaa96", size = 6557625, upload-time = "2025-06-02T22:09:46.182Z" }
wheels = [
    { url = "https://files.pythonhosted.org/packages/37/77/2569fc3f189ebee3c6b969f80031449975e424d4e826f9e046c1cfae3af0/couchbase-4.4.0-cp310-cp310-macosx_10_15_x86_64.whl", hash = "sha256:b287bf9a6780545d0c0f68b27f2957d17d7672a2f11b8c27a210fb70538e061a", size = 5031554, upload-time = "2025-06-02T22:06:56.712Z" },
    { url = "https://files.pythonhosted.org/packages/46/4f/91698faa4fde2d404e4c873a01af99562c7f100e418b41e66d80a71db4e9/couchbase-4.4.0-cp310-cp310-macosx_11_0_arm64.whl", hash = "sha256:a16813b6329ca0c8e4aad68e801bf8c8ef3c60383dfb7db88a8d9e193a8d0924", size = 4238842, upload-time = "2025-06-02T22:07:01.92Z" },
    { url = "https://files.pythonhosted.org/packages/41/97/f58b5d7458932b3709fab532558d80129b5fc5754cc40377655398a32195/couchbase-4.4.0-cp310-cp310-manylinux2014_aarch64.manylinux_2_17_aarch64.whl", hash = "sha256:3c4327e9c2ac4f968aef0d63ebfdf4fec667163b0560d340b3b50b27a44186cf", size = 5045392, upload-time = "2025-06-02T22:07:08.955Z" },
    { url = "https://files.pythonhosted.org/packages/4c/d5/64e2252cedb5ca9697ba785390fde3454bda62f4bff67fc0e684ef02af18/couchbase-4.4.0-cp310-cp310-manylinux2014_x86_64.manylinux_2_17_x86_64.whl", hash = "sha256:82cde7cca3039d84c30242ce739042afcc6e713e9dbe6e29f2cedb8fd09ff29b", size = 5285374, upload-time = "2025-06-02T22:07:16.11Z" },
    { url = "https://files.pythonhosted.org/packages/60/07/f6422c563f1540d17949253dfbaaf4815dc99c0f5911b73c915186233c51/couchbase-4.4.0-cp310-cp310-musllinux_1_1_x86_64.whl", hash = "sha256:d4314fe9bfad09002c8359fcb11811b152760ec812db689104154e329ed0f19d", size = 5962498, upload-time = "2025-06-02T22:07:23.845Z" },
    { url = "https://files.pythonhosted.org/packages/55/e7/a4a8ab32d3eb2422b546c9fe1fd66757ace4652e7b27d0dd77ba071fc83b/couchbase-4.4.0-cp310-cp310-win_amd64.whl", hash = "sha256:5a099e46584240b9c73c47e33928333a7ec2d60ad5286cffb211290ac74407c1", size = 4210628, upload-time = "2025-06-02T22:07:30.69Z" },
]

[[package]]
name = "jinja2"
version = "3.1.6"
source = { registry = "https://pypi.org/simple" }
dependencies = [
    { name = "markupsafe" },
]
sdist = { url = "https://files.pythonhosted.org/packages/df/bf/f7da0350254c0ed7c72f3e33cef02e048281fec7ecec5f032d4aac52226b/jinja2-3.1.6.tar.gz", hash = "sha256:0137fb05990d35f1275a587e9aee6d56da821fc83491a0fb838183be43f66d6d", size = 245115, upload-time = "2025-03-05T20:05:02.478Z" }
wheels = [
    { url = "https://files.pythonhosted.org/packages/62/a1/3d680cbfd5f4b8f15abc1d571870c5fc3e594bb582bc3b64ea099db13e56/jinja2-3.1.6-py3-none-any.whl", hash = "sha256:85ece4451f492d0c13c5dd7c13a64681a86afae63a5f347908daf103ce6d2f67", size = 134899, upload-time = "2025-03-05T20:05:00.369Z" },
]

[[package]]
name = "markupsafe"
version = "3.0.2"
source = { registry = "https://pypi.org/simple" }
sdist = { url = "https://files.pythonhosted.org/packages/b2/97/5d42485e71dfc078108a86d6de8fa46db44a1a9295e89c5d6d4a06e23a62/markupsafe-3.0.2.tar.gz", hash = "sha256:ee55d3edf80167e48ea11a923c7386f4669df67d7994554387f84e7d8b0a2bf0", size = 20537, upload-time = "2024-10-18T15:21:54.129Z" }
wheels = [
    { url = "https://files.pythonhosted.org/packages/04/90/d08277ce111dd22f77149fd1a5d4653eeb3b3eaacbdfcbae5afb2600eebd/MarkupSafe-3.0.2-cp310-cp310-macosx_10_9_universal2.whl", hash = "sha256:7e94c425039cde14257288fd61dcfb01963e658efbc0ff54f5306b06054700f8", size = 14357, upload-time = "2024-10-18T15:20:51.44Z" },
    { url = "https://files.pythonhosted.org/packages/04/e1/6e2194baeae0bca1fae6629dc0cbbb968d4d941469cbab11a3872edff374/MarkupSafe-3.0.2-cp310-cp310-macosx_11_0_arm64.whl", hash = "sha256:9e2d922824181480953426608b81967de705c3cef4d1af983af849d7bd619158", size = 12393, upload-time = "2024-10-18T15:20:52.426Z" },
    { url = "https://files.pythonhosted.org/packages/1d/69/35fa85a8ece0a437493dc61ce0bb6d459dcba482c34197e3efc829aa357f/MarkupSafe-3.0.2-cp310-cp310-manylinux_2_17_aarch64.manylinux2014_aarch64.whl", hash = "sha256:38a9ef736c01fccdd6600705b09dc574584b89bea478200c5fbf112a6b0d5579", size = 21732, upload-time = "2024-10-18T15:20:53.578Z" },
    { url = "https://files.pythonhosted.org/packages/22/35/137da042dfb4720b638d2937c38a9c2df83fe32d20e8c8f3185dbfef05f7/MarkupSafe-3.0.2-cp310-cp310-manylinux_2_17_x86_64.manylinux2014_x86_64.whl", hash = "sha256:bbcb445fa71794da8f178f0f6d66789a28d7319071af7a496d4d507ed566270d", size = 20866, upload-time = "2024-10-18T15:20:55.06Z" },
    { url = "https://files.pythonhosted.org/packages/29/28/6d029a903727a1b62edb51863232152fd335d602def598dade38996887f0/MarkupSafe-3.0.2-cp310-cp310-manylinux_2_5_i686.manylinux1_i686.manylinux_2_17_i686.manylinux2014_i686.whl", hash = "sha256:57cb5a3cf367aeb1d316576250f65edec5bb3be939e9247ae594b4bcbc317dfb", size = 20964, upload-time = "2024-10-18T15:20:55.906Z" },
    { url = "https://files.pythonhosted.org/packages/cc/cd/07438f95f83e8bc028279909d9c9bd39e24149b0d60053a97b2bc4f8aa51/MarkupSafe-3.0.2-cp310-cp310-musllinux_1_2_aarch64.whl", hash = "sha256:3809ede931876f5b2ec92eef964286840ed3540dadf803dd570c3b7e13141a3b", size = 21977, upload-time = "2024-10-18T15:20:57.189Z" },
    { url = "https://files.pythonhosted.org/packages/29/01/84b57395b4cc062f9c4c55ce0df7d3108ca32397299d9df00fedd9117d3d/MarkupSafe-3.0.2-cp310-cp310-musllinux_1_2_i686.whl", hash = "sha256:e07c3764494e3776c602c1e78e298937c3315ccc9043ead7e685b7f2b8d47b3c", size = 21366, upload-time = "2024-10-18T15:20:58.235Z" },
    { url = "https://files.pythonhosted.org/packages/bd/6e/61ebf08d8940553afff20d1fb1ba7294b6f8d279df9fd0c0db911b4bbcfd/MarkupSafe-3.0.2-cp310-cp310-musllinux_1_2_x86_64.whl", hash = "sha256:b424c77b206d63d500bcb69fa55ed8d0e6a3774056bdc4839fc9298a7edca171", size = 21091, upload-time = "2024-10-18T15:20:59.235Z" },
    { url = "https://files.pythonhosted.org/packages/11/23/ffbf53694e8c94ebd1e7e491de185124277964344733c45481f32ede2499/MarkupSafe-3.0.2-cp310-cp310-win32.whl", hash = "sha256:fcabf5ff6eea076f859677f5f0b6b5c1a51e70a376b0579e0eadef8db48c6b50", size = 15065, upload-time = "2024-10-18T15:21:00.307Z" },
    { url = "https://files.pythonhosted.org/packages/44/06/e7175d06dd6e9172d4a69a72592cb3f7a996a9c396eee29082826449bbc3/MarkupSafe-3.0.2-cp310-cp310-win_amd64.whl", hash = "sha256:6af100e168aa82a50e186c82875a5893c5597a0c1ccdb0d8b40240b1f28b969a", size = 15514, upload-time = "2024-10-18T15:21:01.122Z" },
]

[[package]]
name = "pyyaml"
version = "6.0.2"
source = { registry = "https://pypi.org/simple" }
sdist = { url = "https://files.pythonhosted.org/packages/54/ed/79a089b6be93607fa5cdaedf301d7dfb23af5f25c398d5ead2525b063e17/pyyaml-6.0.2.tar.gz", hash = "sha256:d584d9ec91ad65861cc08d42e834324ef890a082e591037abe114850ff7bbc3e", size = 130631, upload-time = "2024-08-06T20:33:50.674Z" }
wheels = [
    { url = "https://files.pythonhosted.org/packages/9b/95/a3fac87cb7158e231b5a6012e438c647e1a87f09f8e0d123acec8ab8bf71/PyYAML-6.0.2-cp310-cp310-macosx_10_9_x86_64.whl", hash = "sha256:0a9a2848a5b7feac301353437eb7d5957887edbf81d56e903999a75a3d743086", size = 184199, upload-time = "2024-08-06T20:31:40.178Z" },
    { url = "https://files.pythonhosted.org/packages/c7/7a/68bd47624dab8fd4afbfd3c48e3b79efe09098ae941de5b58abcbadff5cb/PyYAML-6.0.2-cp310-cp310-macosx_11_0_arm64.whl", hash = "sha256:29717114e51c84ddfba879543fb232a6ed60086602313ca38cce623c1d62cfbf", size = 171758, upload-time = "2024-08-06T20:31:42.173Z" },
    { url = "https://files.pythonhosted.org/packages/49/ee/14c54df452143b9ee9f0f29074d7ca5516a36edb0b4cc40c3f280131656f/PyYAML-6.0.2-cp310-cp310-manylinux_2_17_aarch64.manylinux2014_aarch64.whl", hash = "sha256:8824b5a04a04a047e72eea5cec3bc266db09e35de6bdfe34c9436ac5ee27d237", size = 718463, upload-time = "2024-08-06T20:31:44.263Z" },
    { url = "https://files.pythonhosted.org/packages/4d/61/de363a97476e766574650d742205be468921a7b532aa2499fcd886b62530/PyYAML-6.0.2-cp310-cp310-manylinux_2_17_s390x.manylinux2014_s390x.whl", hash = "sha256:7c36280e6fb8385e520936c3cb3b8042851904eba0e58d277dca80a5cfed590b", size = 719280, upload-time = "2024-08-06T20:31:50.199Z" },
    { url = "https://files.pythonhosted.org/packages/6b/4e/1523cb902fd98355e2e9ea5e5eb237cbc5f3ad5f3075fa65087aa0ecb669/PyYAML-6.0.2-cp310-cp310-manylinux_2_17_x86_64.manylinux2014_x86_64.whl", hash = "sha256:ec031d5d2feb36d1d1a24380e4db6d43695f3748343d99434e6f5f9156aaa2ed", size = 751239, upload-time = "2024-08-06T20:31:52.292Z" },
    { url = "https://files.pythonhosted.org/packages/b7/33/5504b3a9a4464893c32f118a9cc045190a91637b119a9c881da1cf6b7a72/PyYAML-6.0.2-cp310-cp310-musllinux_1_1_aarch64.whl", hash = "sha256:936d68689298c36b53b29f23c6dbb74de12b4ac12ca6cfe0e047bedceea56180", size = 695802, upload-time = "2024-08-06T20:31:53.836Z" },
    { url = "https://files.pythonhosted.org/packages/5c/20/8347dcabd41ef3a3cdc4f7b7a2aff3d06598c8779faa189cdbf878b626a4/PyYAML-6.0.2-cp310-cp310-musllinux_1_1_x86_64.whl", hash = "sha256:23502f431948090f597378482b4812b0caae32c22213aecf3b55325e049a6c68", size = 720527, upload-time = "2024-08-06T20:31:55.565Z" },
    { url = "https://files.pythonhosted.org/packages/be/aa/5afe99233fb360d0ff37377145a949ae258aaab831bde4792b32650a4378/PyYAML-6.0.2-cp310-cp310-win32.whl", hash = "sha256:2e99c6826ffa974fe6e27cdb5ed0021786b03fc98e5ee3c5bfe1fd5015f42b99", size = 144052, upload-time = "2024-08-06T20:31:56.914Z" },
    { url = "https://files.pythonhosted.org/packages/b5/84/0fa4b06f6d6c958d207620fc60005e241ecedceee58931bb20138e1e5776/PyYAML-6.0.2-cp310-cp310-win_amd64.whl", hash = "sha256:a4d3091415f010369ae4ed1fc6b79def9416358877534caf6a0fdd2146c87a3e", size = 161774, upload-time = "2024-08-06T20:31:58.304Z" },
]
